// !$*UTF8*$!
{
	archiveVersion = 1;
	classes = {
	};
	objectVersion = 48;
	objects = {

/* Begin PBXBuildFile section */
		04CB520B2A18AF9F00EBDCB1 /* ResultViewController.swift in Sources */ = {isa = PBXBuildFile; fileRef = 04CB520A2A18AF9F00EBDCB1 /* ResultViewController.swift */; };
		04CB520D2A18B90D00EBDCB1 /* HomeViewController.swift in Sources */ = {isa = PBXBuildFile; fileRef = 04CB520C2A18B90D00EBDCB1 /* HomeViewController.swift */; };
		04CB52122A18C4AA00EBDCB1 /* MusicPlayer.swift in Sources */ = {isa = PBXBuildFile; fileRef = 04CB52112A18C4AA00EBDCB1 /* MusicPlayer.swift */; };
		04CB52142A18C5BA00EBDCB1 /* Home.mp3 in Resources */ = {isa = PBXBuildFile; fileRef = 04CB52132A18C5BA00EBDCB1 /* Home.mp3 */; };
		04CB52172A18CA9400EBDCB1 /* Game.mp3 in Resources */ = {isa = PBXBuildFile; fileRef = 04CB52162A18CA9400EBDCB1 /* Game.mp3 */; };
		04CB52192A18CD2200EBDCB1 /* Blink.wav in Resources */ = {isa = PBXBuildFile; fileRef = 04CB52182A18CD2200EBDCB1 /* Blink.wav */; };
		04F089512A18D26F009CA075 /* Tap.wav in Resources */ = {isa = PBXBuildFile; fileRef = 04F089502A18D26F009CA075 /* Tap.wav */; };
		28C69F49204F6ACA00949F30 /* AppDelegate.swift in Sources */ = {isa = PBXBuildFile; fileRef = 28C69F48204F6ACA00949F30 /* AppDelegate.swift */; };
		28C69F4B204F6ACA00949F30 /* ViewController.swift in Sources */ = {isa = PBXBuildFile; fileRef = 28C69F4A204F6ACA00949F30 /* ViewController.swift */; };
		28C69F4E204F6ACA00949F30 /* Main.storyboard in Resources */ = {isa = PBXBuildFile; fileRef = 28C69F4C204F6ACA00949F30 /* Main.storyboard */; };
		28C69F50204F6ACA00949F30 /* Assets.xcassets in Resources */ = {isa = PBXBuildFile; fileRef = 28C69F4F204F6ACA00949F30 /* Assets.xcassets */; };
		28C69F53204F6ACA00949F30 /* LaunchScreen.storyboard in Resources */ = {isa = PBXBuildFile; fileRef = 28C69F51204F6ACA00949F30 /* LaunchScreen.storyboard */; };
/* End PBXBuildFile section */

/* Begin PBXFileReference section */
		04CB520A2A18AF9F00EBDCB1 /* ResultViewController.swift */ = {isa = PBXFileReference; lastKnownFileType = sourcecode.swift; path = ResultViewController.swift; sourceTree = "<group>"; };
		04CB520C2A18B90D00EBDCB1 /* HomeViewController.swift */ = {isa = PBXFileReference; lastKnownFileType = sourcecode.swift; path = HomeViewController.swift; sourceTree = "<group>"; };
		04CB52112A18C4AA00EBDCB1 /* MusicPlayer.swift */ = {isa = PBXFileReference; lastKnownFileType = sourcecode.swift; path = MusicPlayer.swift; sourceTree = "<group>"; };
		04CB52132A18C5BA00EBDCB1 /* Home.mp3 */ = {isa = PBXFileReference; lastKnownFileType = audio.mp3; path = Home.mp3; sourceTree = "<group>"; };
		04CB52162A18CA9400EBDCB1 /* Game.mp3 */ = {isa = PBXFileReference; lastKnownFileType = audio.mp3; path = Game.mp3; sourceTree = "<group>"; };
		04CB52182A18CD2200EBDCB1 /* Blink.wav */ = {isa = PBXFileReference; lastKnownFileType = audio.wav; path = Blink.wav; sourceTree = "<group>"; };
		04F089502A18D26F009CA075 /* Tap.wav */ = {isa = PBXFileReference; lastKnownFileType = audio.wav; path = Tap.wav; sourceTree = "<group>"; };
		28C69F45204F6ACA00949F30 /* VisionFaceTrack.app */ = {isa = PBXFileReference; explicitFileType = wrapper.application; includeInIndex = 0; path = VisionFaceTrack.app; sourceTree = BUILT_PRODUCTS_DIR; };
		28C69F48204F6ACA00949F30 /* AppDelegate.swift */ = {isa = PBXFileReference; lastKnownFileType = sourcecode.swift; path = AppDelegate.swift; sourceTree = "<group>"; };
		28C69F4A204F6ACA00949F30 /* ViewController.swift */ = {isa = PBXFileReference; lastKnownFileType = sourcecode.swift; path = ViewController.swift; sourceTree = "<group>"; };
		28C69F4D204F6ACA00949F30 /* Base */ = {isa = PBXFileReference; lastKnownFileType = file.storyboard; name = Base; path = Base.lproj/Main.storyboard; sourceTree = "<group>"; };
		28C69F4F204F6ACA00949F30 /* Assets.xcassets */ = {isa = PBXFileReference; lastKnownFileType = folder.assetcatalog; path = Assets.xcassets; sourceTree = "<group>"; };
		28C69F52204F6ACA00949F30 /* Base */ = {isa = PBXFileReference; lastKnownFileType = file.storyboard; name = Base; path = Base.lproj/LaunchScreen.storyboard; sourceTree = "<group>"; };
		28C69F54204F6ACA00949F30 /* Info.plist */ = {isa = PBXFileReference; lastKnownFileType = text.plist.xml; path = Info.plist; sourceTree = "<group>"; };
		4231095939659F544A7FE2D5 /* LICENSE.txt */ = {isa = PBXFileReference; includeInIndex = 1; lastKnownFileType = text; path = LICENSE.txt; sourceTree = "<group>"; };
		F768C173AC32106E22037F17 /* SampleCode.xcconfig */ = {isa = PBXFileReference; lastKnownFileType = text.xcconfig; name = SampleCode.xcconfig; path = Configuration/SampleCode.xcconfig; sourceTree = "<group>"; };
/* End PBXFileReference section */

/* Begin PBXFrameworksBuildPhase section */
		28C69F42204F6ACA00949F30 /* Frameworks */ = {
			isa = PBXFrameworksBuildPhase;
			buildActionMask = 2147483647;
			files = (
			);
			runOnlyForDeploymentPostprocessing = 0;
		};
/* End PBXFrameworksBuildPhase section */

/* Begin PBXGroup section */
		04CB520E2A18BC7C00EBDCB1 /* Base Files */ = {
			isa = PBXGroup;
			children = (
				28C69F48204F6ACA00949F30 /* AppDelegate.swift */,
				28C69F4F204F6ACA00949F30 /* Assets.xcassets */,
				04CB52152A18C5E200EBDCB1 /* Sound */,
				28C69F51204F6ACA00949F30 /* LaunchScreen.storyboard */,
			);
			path = "Base Files";
			sourceTree = "<group>";
		};
		04CB520F2A18BCF800EBDCB1 /* Scenes */ = {
			isa = PBXGroup;
			children = (
				28C69F4C204F6ACA00949F30 /* Main.storyboard */,
				04CB520C2A18B90D00EBDCB1 /* HomeViewController.swift */,
				28C69F4A204F6ACA00949F30 /* ViewController.swift */,
				04CB520A2A18AF9F00EBDCB1 /* ResultViewController.swift */,
			);
			path = Scenes;
			sourceTree = "<group>";
		};
		04CB52102A18C48900EBDCB1 /* Helpers */ = {
			isa = PBXGroup;
			children = (
				04CB52112A18C4AA00EBDCB1 /* MusicPlayer.swift */,
			);
			path = Helpers;
			sourceTree = "<group>";
		};
		04CB52152A18C5E200EBDCB1 /* Sound */ = {
			isa = PBXGroup;
			children = (
				04CB52132A18C5BA00EBDCB1 /* Home.mp3 */,
				04CB52162A18CA9400EBDCB1 /* Game.mp3 */,
				04CB52182A18CD2200EBDCB1 /* Blink.wav */,
				04F089502A18D26F009CA075 /* Tap.wav */,
			);
			path = Sound;
			sourceTree = "<group>";
		};
		2207EA02D23BDB5081DFC66D /* Configuration */ = {
			isa = PBXGroup;
			children = (
				F768C173AC32106E22037F17 /* SampleCode.xcconfig */,
			);
			name = Configuration;
			sourceTree = "<group>";
		};
		28C69F3C204F6ACA00949F30 = {
			isa = PBXGroup;
			children = (
				28C69F47204F6ACA00949F30 /* VisionFaceTrack */,
				28C69F46204F6ACA00949F30 /* Products */,
				2207EA02D23BDB5081DFC66D /* Configuration */,
				68FAA60D8CCF0656E84C4137 /* LICENSE */,
			);
			sourceTree = "<group>";
		};
		28C69F46204F6ACA00949F30 /* Products */ = {
			isa = PBXGroup;
			children = (
				28C69F45204F6ACA00949F30 /* VisionFaceTrack.app */,
			);
			name = Products;
			sourceTree = "<group>";
		};
		28C69F47204F6ACA00949F30 /* VisionFaceTrack */ = {
			isa = PBXGroup;
			children = (
				28C69F54204F6ACA00949F30 /* Info.plist */,
				04CB52102A18C48900EBDCB1 /* Helpers */,
				04CB520E2A18BC7C00EBDCB1 /* Base Files */,
				04CB520F2A18BCF800EBDCB1 /* Scenes */,
			);
			path = VisionFaceTrack;
			sourceTree = "<group>";
		};
		68FAA60D8CCF0656E84C4137 /* LICENSE */ = {
			isa = PBXGroup;
			children = (
				4231095939659F544A7FE2D5 /* LICENSE.txt */,
			);
			path = LICENSE;
			sourceTree = "<group>";
		};
/* End PBXGroup section */

/* Begin PBXNativeTarget section */
		28C69F44204F6ACA00949F30 /* VisionFaceTrack */ = {
			isa = PBXNativeTarget;
			buildConfigurationList = 28C69F57204F6ACA00949F30 /* Build configuration list for PBXNativeTarget "VisionFaceTrack" */;
			buildPhases = (
				28C69F41204F6ACA00949F30 /* Sources */,
				28C69F42204F6ACA00949F30 /* Frameworks */,
				28C69F43204F6ACA00949F30 /* Resources */,
			);
			buildRules = (
			);
			dependencies = (
			);
			name = VisionFaceTrack;
			productName = VisionFaceTrack;
			productReference = 28C69F45204F6ACA00949F30 /* VisionFaceTrack.app */;
			productType = "com.apple.product-type.application";
		};
/* End PBXNativeTarget section */

/* Begin PBXProject section */
		28C69F3D204F6ACA00949F30 /* Project object */ = {
			isa = PBXProject;
			attributes = {
				LastSwiftUpdateCheck = 0920;
				LastUpgradeCheck = 0930;
				ORGANIZATIONNAME = Apple;
				TargetAttributes = {
					28C69F44204F6ACA00949F30 = {
						CreatedOnToolsVersion = 9.2;
						LastSwiftMigration = 1140;
						ProvisioningStyle = Automatic;
					};
				};
			};
			buildConfigurationList = 28C69F40204F6ACA00949F30 /* Build configuration list for PBXProject "VisionFaceTrack" */;
			compatibilityVersion = "Xcode 8.0";
			developmentRegion = en;
			hasScannedForEncodings = 0;
			knownRegions = (
				en,
				Base,
			);
			mainGroup = 28C69F3C204F6ACA00949F30;
			productRefGroup = 28C69F46204F6ACA00949F30 /* Products */;
			projectDirPath = "";
			projectRoot = "";
			targets = (
				28C69F44204F6ACA00949F30 /* VisionFaceTrack */,
			);
		};
/* End PBXProject section */

/* Begin PBXResourcesBuildPhase section */
		28C69F43204F6ACA00949F30 /* Resources */ = {
			isa = PBXResourcesBuildPhase;
			buildActionMask = 2147483647;
			files = (
				04CB52172A18CA9400EBDCB1 /* Game.mp3 in Resources */,
				28C69F53204F6ACA00949F30 /* LaunchScreen.storyboard in Resources */,
				28C69F50204F6ACA00949F30 /* Assets.xcassets in Resources */,
				04CB52192A18CD2200EBDCB1 /* Blink.wav in Resources */,
				04CB52142A18C5BA00EBDCB1 /* Home.mp3 in Resources */,
				04F089512A18D26F009CA075 /* Tap.wav in Resources */,
				28C69F4E204F6ACA00949F30 /* Main.storyboard in Resources */,
			);
			runOnlyForDeploymentPostprocessing = 0;
		};
/* End PBXResourcesBuildPhase section */

/* Begin PBXSourcesBuildPhase section */
		28C69F41204F6ACA00949F30 /* Sources */ = {
			isa = PBXSourcesBuildPhase;
			buildActionMask = 2147483647;
			files = (
				28C69F4B204F6ACA00949F30 /* ViewController.swift in Sources */,
				28C69F49204F6ACA00949F30 /* AppDelegate.swift in Sources */,
				04CB520B2A18AF9F00EBDCB1 /* ResultViewController.swift in Sources */,
				04CB52122A18C4AA00EBDCB1 /* MusicPlayer.swift in Sources */,
				04CB520D2A18B90D00EBDCB1 /* HomeViewController.swift in Sources */,
			);
			runOnlyForDeploymentPostprocessing = 0;
		};
/* End PBXSourcesBuildPhase section */

/* Begin PBXVariantGroup section */
		28C69F4C204F6ACA00949F30 /* Main.storyboard */ = {
			isa = PBXVariantGroup;
			children = (
				28C69F4D204F6ACA00949F30 /* Base */,
			);
			name = Main.storyboard;
			sourceTree = "<group>";
		};
		28C69F51204F6ACA00949F30 /* LaunchScreen.storyboard */ = {
			isa = PBXVariantGroup;
			children = (
				28C69F52204F6ACA00949F30 /* Base */,
			);
			name = LaunchScreen.storyboard;
			sourceTree = "<group>";
		};
/* End PBXVariantGroup section */

/* Begin XCBuildConfiguration section */
		28C69F55204F6ACA00949F30 /* Debug */ = {
			isa = XCBuildConfiguration;
			baseConfigurationReference = F768C173AC32106E22037F17 /* SampleCode.xcconfig */;
			buildSettings = {
				ALWAYS_SEARCH_USER_PATHS = NO;
				CLANG_ANALYZER_NONNULL = YES;
				CLANG_ANALYZER_NUMBER_OBJECT_CONVERSION = YES_AGGRESSIVE;
				CLANG_CXX_LANGUAGE_STANDARD = "gnu++14";
				CLANG_CXX_LIBRARY = "libc++";
				CLANG_ENABLE_MODULES = YES;
				CLANG_ENABLE_OBJC_ARC = YES;
				CLANG_WARN_BLOCK_CAPTURE_AUTORELEASING = YES;
				CLANG_WARN_BOOL_CONVERSION = YES;
				CLANG_WARN_COMMA = YES;
				CLANG_WARN_CONSTANT_CONVERSION = YES;
				CLANG_WARN_DEPRECATED_OBJC_IMPLEMENTATIONS = YES;
				CLANG_WARN_DIRECT_OBJC_ISA_USAGE = YES_ERROR;
				CLANG_WARN_DOCUMENTATION_COMMENTS = YES;
				CLANG_WARN_EMPTY_BODY = YES;
				CLANG_WARN_ENUM_CONVERSION = YES;
				CLANG_WARN_INFINITE_RECURSION = YES;
				CLANG_WARN_INT_CONVERSION = YES;
				CLANG_WARN_NON_LITERAL_NULL_CONVERSION = YES;
				CLANG_WARN_OBJC_IMPLICIT_RETAIN_SELF = YES;
				CLANG_WARN_OBJC_LITERAL_CONVERSION = YES;
				CLANG_WARN_OBJC_ROOT_CLASS = YES_ERROR;
				CLANG_WARN_RANGE_LOOP_ANALYSIS = YES;
				CLANG_WARN_STRICT_PROTOTYPES = YES;
				CLANG_WARN_SUSPICIOUS_MOVE = YES;
				CLANG_WARN_UNGUARDED_AVAILABILITY = YES_AGGRESSIVE;
				CLANG_WARN_UNREACHABLE_CODE = YES;
				CLANG_WARN__DUPLICATE_METHOD_MATCH = YES;
				CODE_SIGN_IDENTITY = "iPhone Developer";
				COPY_PHASE_STRIP = NO;
				DEBUG_INFORMATION_FORMAT = dwarf;
				ENABLE_STRICT_OBJC_MSGSEND = YES;
				ENABLE_TESTABILITY = YES;
				GCC_C_LANGUAGE_STANDARD = gnu11;
				GCC_DYNAMIC_NO_PIC = NO;
				GCC_NO_COMMON_BLOCKS = YES;
				GCC_OPTIMIZATION_LEVEL = 0;
				GCC_PREPROCESSOR_DEFINITIONS = (
					"DEBUG=1",
					"$(inherited)",
				);
				GCC_WARN_64_TO_32_BIT_CONVERSION = YES;
				GCC_WARN_ABOUT_RETURN_TYPE = YES_ERROR;
				GCC_WARN_UNDECLARED_SELECTOR = YES;
				GCC_WARN_UNINITIALIZED_AUTOS = YES_AGGRESSIVE;
				GCC_WARN_UNUSED_FUNCTION = YES;
				GCC_WARN_UNUSED_VARIABLE = YES;
				IPHONEOS_DEPLOYMENT_TARGET = 12.0;
				MTL_ENABLE_DEBUG_INFO = YES;
				ONLY_ACTIVE_ARCH = YES;
				SDKROOT = iphoneos;
				SWIFT_ACTIVE_COMPILATION_CONDITIONS = DEBUG;
				SWIFT_OPTIMIZATION_LEVEL = "-Onone";
			};
			name = Debug;
		};
		28C69F56204F6ACA00949F30 /* Release */ = {
			isa = XCBuildConfiguration;
			baseConfigurationReference = F768C173AC32106E22037F17 /* SampleCode.xcconfig */;
			buildSettings = {
				ALWAYS_SEARCH_USER_PATHS = NO;
				CLANG_ANALYZER_NONNULL = YES;
				CLANG_ANALYZER_NUMBER_OBJECT_CONVERSION = YES_AGGRESSIVE;
				CLANG_CXX_LANGUAGE_STANDARD = "gnu++14";
				CLANG_CXX_LIBRARY = "libc++";
				CLANG_ENABLE_MODULES = YES;
				CLANG_ENABLE_OBJC_ARC = YES;
				CLANG_WARN_BLOCK_CAPTURE_AUTORELEASING = YES;
				CLANG_WARN_BOOL_CONVERSION = YES;
				CLANG_WARN_COMMA = YES;
				CLANG_WARN_CONSTANT_CONVERSION = YES;
				CLANG_WARN_DEPRECATED_OBJC_IMPLEMENTATIONS = YES;
				CLANG_WARN_DIRECT_OBJC_ISA_USAGE = YES_ERROR;
				CLANG_WARN_DOCUMENTATION_COMMENTS = YES;
				CLANG_WARN_EMPTY_BODY = YES;
				CLANG_WARN_ENUM_CONVERSION = YES;
				CLANG_WARN_INFINITE_RECURSION = YES;
				CLANG_WARN_INT_CONVERSION = YES;
				CLANG_WARN_NON_LITERAL_NULL_CONVERSION = YES;
				CLANG_WARN_OBJC_IMPLICIT_RETAIN_SELF = YES;
				CLANG_WARN_OBJC_LITERAL_CONVERSION = YES;
				CLANG_WARN_OBJC_ROOT_CLASS = YES_ERROR;
				CLANG_WARN_RANGE_LOOP_ANALYSIS = YES;
				CLANG_WARN_STRICT_PROTOTYPES = YES;
				CLANG_WARN_SUSPICIOUS_MOVE = YES;
				CLANG_WARN_UNGUARDED_AVAILABILITY = YES_AGGRESSIVE;
				CLANG_WARN_UNREACHABLE_CODE = YES;
				CLANG_WARN__DUPLICATE_METHOD_MATCH = YES;
				CODE_SIGN_IDENTITY = "iPhone Developer";
				COPY_PHASE_STRIP = NO;
				DEBUG_INFORMATION_FORMAT = "dwarf-with-dsym";
				ENABLE_NS_ASSERTIONS = NO;
				ENABLE_STRICT_OBJC_MSGSEND = YES;
				GCC_C_LANGUAGE_STANDARD = gnu11;
				GCC_NO_COMMON_BLOCKS = YES;
				GCC_WARN_64_TO_32_BIT_CONVERSION = YES;
				GCC_WARN_ABOUT_RETURN_TYPE = YES_ERROR;
				GCC_WARN_UNDECLARED_SELECTOR = YES;
				GCC_WARN_UNINITIALIZED_AUTOS = YES_AGGRESSIVE;
				GCC_WARN_UNUSED_FUNCTION = YES;
				GCC_WARN_UNUSED_VARIABLE = YES;
				IPHONEOS_DEPLOYMENT_TARGET = 12.0;
				MTL_ENABLE_DEBUG_INFO = NO;
				SDKROOT = iphoneos;
				SWIFT_OPTIMIZATION_LEVEL = "-Owholemodule";
				VALIDATE_PRODUCT = YES;
			};
			name = Release;
		};
		28C69F58204F6ACA00949F30 /* Debug */ = {
			isa = XCBuildConfiguration;
			baseConfigurationReference = F768C173AC32106E22037F17 /* SampleCode.xcconfig */;
			buildSettings = {
				ASSETCATALOG_COMPILER_APPICON_NAME = AppIcon;
				CODE_SIGN_STYLE = Automatic;
				DEVELOPMENT_TEAM = MTL5N7KWYL;
				INFOPLIST_FILE = "$(SRCROOT)/VisionFaceTrack/Info.plist";
				IPHONEOS_DEPLOYMENT_TARGET = 12.0;
				LD_RUNPATH_SEARCH_PATHS = "$(inherited) @executable_path/Frameworks";
				PRODUCT_BUNDLE_IDENTIFIER = "com.example.apple-samplecode.VisionFaceTrack${SAMPLE_CODE_DISAMBIGUATOR}";
				PRODUCT_NAME = "$(TARGET_NAME)";
				PROVISIONING_PROFILE_SPECIFIER = "";
				SWIFT_VERSION = 5.0;
				TARGETED_DEVICE_FAMILY = "1,2";
			};
			name = Debug;
		};
		28C69F59204F6ACA00949F30 /* Release */ = {
			isa = XCBuildConfiguration;
			baseConfigurationReference = F768C173AC32106E22037F17 /* SampleCode.xcconfig */;
			buildSettings = {
				ASSETCATALOG_COMPILER_APPICON_NAME = AppIcon;
				CODE_SIGN_STYLE = Automatic;
				DEVELOPMENT_TEAM = MTL5N7KWYL;
				INFOPLIST_FILE = "$(SRCROOT)/VisionFaceTrack/Info.plist";
				IPHONEOS_DEPLOYMENT_TARGET = 12.0;
				LD_RUNPATH_SEARCH_PATHS = "$(inherited) @executable_path/Frameworks";
				PRODUCT_BUNDLE_IDENTIFIER = "com.example.apple-samplecode.VisionFaceTrack${SAMPLE_CODE_DISAMBIGUATOR}";
				PRODUCT_NAME = "$(TARGET_NAME)";
				PROVISIONING_PROFILE_SPECIFIER = "";
				SWIFT_VERSION = 5.0;
				TARGETED_DEVICE_FAMILY = "1,2";
			};
			name = Release;
		};
/* End XCBuildConfiguration section */

/* Begin XCConfigurationList section */
		28C69F40204F6ACA00949F30 /* Build configuration list for PBXProject "VisionFaceTrack" */ = {
			isa = XCConfigurationList;
			buildConfigurations = (
				28C69F55204F6ACA00949F30 /* Debug */,
				28C69F56204F6ACA00949F30 /* Release */,
			);
			defaultConfigurationIsVisible = 0;
			defaultConfigurationName = Release;
		};
		28C69F57204F6ACA00949F30 /* Build configuration list for PBXNativeTarget "VisionFaceTrack" */ = {
			isa = XCConfigurationList;
			buildConfigurations = (
				28C69F58204F6ACA00949F30 /* Debug */,
				28C69F59204F6ACA00949F30 /* Release */,
			);
			defaultConfigurationIsVisible = 0;
			defaultConfigurationName = Release;
		};
/* End XCConfigurationList section */
	};
	rootObject = 28C69F3D204F6ACA00949F30 /* Project object */;
}
